{
  "name": "SwastiFashionHub",
  "lockfileVersion": 2,
  "requires": true,
  "packages": {
    "": {
      "dependencies": {
        "datatables.net-bs5": "^1.13.3"
      }
    },
    "node_modules/datatables.net": {
      "version": "1.13.3",
      "resolved": "https://registry.npmjs.org/datatables.net/-/datatables.net-1.13.3.tgz",
      "integrity": "sha512-YVnz02oJsaP/OfnclBlqHkuV1il60sSVa+a0Xvs5gyiDLftmAxc+rvVAwCm7O0OpKo09N43k6EcCAf3L9WYI7g==",
      "dependencies": {
        "jquery": ">=1.7"
      }
    },
    "node_modules/datatables.net-bs5": {
      "version": "1.13.3",
      "resolved": "https://registry.npmjs.org/datatables.net-bs5/-/datatables.net-bs5-1.13.3.tgz",
      "integrity": "sha512-yaZ89SjP1INIotvCVaBkgQ0VPvWTAfywG3dmBaVIosa4u0vUAqlx1+aYyL8WXgqmklSQda3nXdNwJu0OrPw84A==",
      "dependencies": {
        "datatables.net": ">=1.12.1",
        "jquery": ">=1.7"
      }
    },
    "node_modules/jquery": {
      "version": "3.6.3",
      "resolved": "https://registry.npmjs.org/jquery/-/jquery-3.6.3.tgz",
      "integrity": "sha512-bZ5Sy3YzKo9Fyc8wH2iIQK4JImJ6R0GWI9kL1/k7Z91ZBNgkRXE6U0JfHIizZbort8ZunhSI3jw9I6253ahKfg=="
    }
  },
  "dependencies": {
    "datatables.net": {
      "version": "1.13.3",
      "resolved": "https://registry.npmjs.org/datatables.net/-/datatables.net-1.13.3.tgz",
      "integrity": "sha512-YVnz02oJsaP/OfnclBlqHkuV1il60sSVa+a0Xvs5gyiDLftmAxc+rvVAwCm7O0OpKo09N43k6EcCAf3L9WYI7g==",
      "requires": {
        "jquery": ">=1.7"
      }
    },
    "datatables.net-bs5": {
      "version": "1.13.3",
      "resolved": "https://registry.npmjs.org/datatables.net-bs5/-/datatables.net-bs5-1.13.3.tgz",
      "integrity": "sha512-yaZ89SjP1INIotvCVaBkgQ0VPvWTAfywG3dmBaVIosa4u0vUAqlx1+aYyL8WXgqmklSQda3nXdNwJu0OrPw84A==",
      "requires": {
        "datatables.net": ">=1.12.1",
        "jquery": ">=1.7"
      }
    },
    "jquery": {
      "version": "3.6.3",
      "resolved": "https://registry.npmjs.org/jquery/-/jquery-3.6.3.tgz",
      "integrity": "sha512-bZ5Sy3YzKo9Fyc8wH2iIQK4JImJ6R0GWI9kL1/k7Z91ZBNgkRXE6U0JfHIizZbort8ZunhSI3jw9I6253ahKfg=="
    }
  }
}
